
Microsoft Visual Studio Solution File, Format Version 11.00
# Visual Studio 2010
Project("{FAE04EC0-301F-11D3-BF4B-00C04F79EFBC}") = "SpaceWar", "SpaceWar\SpaceWar.csproj", "{610B1463-5B67-4B80-A528-301CB5B9B835}"
EndProject
Global
	GlobalSection(SolutionConfigurationPlatforms) = preSolution
		Debug|x86 = Debug|x86
		Release|x86 = Release|x86
	EndGlobalSection
	GlobalSection(ProjectConfigurationPlatforms) = postSolution
		{610B1463-5B67-4B80-A528-301CB5B9B835}.Debug|x86.ActiveCfg = Debug|x86
		{610B1463-5B67-4B80-A528-301CB5B9B835}.Debug|x86.Build.0 = Debug|x86
		{610B1463-5B67-4B80-A528-301CB5B9B835}.Release|x86.ActiveCfg = Release|x86
		{610B1463-5B67-4B80-A528-301CB5B9B835}.Release|x86.Build.0 = Release|x86
	EndGlobalSection
	GlobalSection(SolutionProperties) = preSolution
		HideSolutionNode = FALSE
	EndGlobalSection
EndGlobal
